
Microsoft Visual Studio Solution File, Format Version 12.00
# Visual Studio Version 16
VisualStudioVersion = 16.0.28407.52
MinimumVisualStudioVersion = 10.0.40219.1
Project("{FAE04EC0-301F-11D3-BF4B-00C04F79EFBC}") = "FairyGUI.Windows.Test", "FairyGUI.Test\FairyGUI.Windows.Test.csproj", "{C3F139F6-FD77-47D8-86DF-AAB9CDEAEBD3}"
EndProject
Project("{2150E333-8FDC-42A3-9474-1A3956D46DE8}") = "Windows", "Windows", "{F57CD863-AE8F-4AEF-85C7-1569AF8BBC9C}"
EndProject
Project("{2150E333-8FDC-42A3-9474-1A3956D46DE8}") = "DesktopGL", "DesktopGL", "{8B681E2E-22F9-465B-951E-07AAA0C1B28F}"
EndProject
Project("{FAE04EC0-301F-11D3-BF4B-00C04F79EFBC}") = "FairyGUI.DesktopGL.Test", "FairyGUI.Test\FairyGUI.DesktopGL.Test.csproj", "{E4A9AD8F-740F-46F7-9423-9C3231E430A2}"
EndProject
Project("{2150E333-8FDC-42A3-9474-1A3956D46DE8}") = "Core", "Core", "{7F135071-7DEB-4F30-9704-26987CD54C46}"
EndProject
Project("{9A19103F-16F7-4668-BE54-9A1E7A4F7556}") = "FairyGUI.Core", "FairyGUI\FairyGUI.Core.csproj", "{74E59052-60A4-4F2C-ACC6-63119199FB3C}"
EndProject
Project("{9A19103F-16F7-4668-BE54-9A1E7A4F7556}") = "FairyGUI.Test.Scene", "FairyGUI.Test.Scene\FairyGUI.Test.Scene.csproj", "{60CA75F9-79BA-4457-9AC3-950DAA23822F}"
EndProject
Global
	GlobalSection(SolutionConfigurationPlatforms) = preSolution
		Debug|Any CPU = Debug|Any CPU
		Debug|x86 = Debug|x86
		Release|Any CPU = Release|Any CPU
		Release|x86 = Release|x86
	EndGlobalSection
	GlobalSection(ProjectConfigurationPlatforms) = postSolution
		{C3F139F6-FD77-47D8-86DF-AAB9CDEAEBD3}.Debug|Any CPU.ActiveCfg = Debug|x86
		{C3F139F6-FD77-47D8-86DF-AAB9CDEAEBD3}.Debug|Any CPU.Build.0 = Debug|x86
		{C3F139F6-FD77-47D8-86DF-AAB9CDEAEBD3}.Debug|x86.ActiveCfg = Debug|x86
		{C3F139F6-FD77-47D8-86DF-AAB9CDEAEBD3}.Debug|x86.Build.0 = Debug|x86
		{C3F139F6-FD77-47D8-86DF-AAB9CDEAEBD3}.Release|Any CPU.ActiveCfg = Release|x86
		{C3F139F6-FD77-47D8-86DF-AAB9CDEAEBD3}.Release|x86.ActiveCfg = Release|x86
		{C3F139F6-FD77-47D8-86DF-AAB9CDEAEBD3}.Release|x86.Build.0 = Release|x86
		{E4A9AD8F-740F-46F7-9423-9C3231E430A2}.Debug|Any CPU.ActiveCfg = Debug|x86
		{E4A9AD8F-740F-46F7-9423-9C3231E430A2}.Debug|Any CPU.Build.0 = Debug|x86
		{E4A9AD8F-740F-46F7-9423-9C3231E430A2}.Debug|x86.ActiveCfg = Debug|x86
		{E4A9AD8F-740F-46F7-9423-9C3231E430A2}.Debug|x86.Build.0 = Debug|x86
		{E4A9AD8F-740F-46F7-9423-9C3231E430A2}.Release|Any CPU.ActiveCfg = Release|x86
		{E4A9AD8F-740F-46F7-9423-9C3231E430A2}.Release|x86.ActiveCfg = Release|x86
		{E4A9AD8F-740F-46F7-9423-9C3231E430A2}.Release|x86.Build.0 = Release|x86
		{74E59052-60A4-4F2C-ACC6-63119199FB3C}.Debug|Any CPU.ActiveCfg = Debug|Any CPU
		{74E59052-60A4-4F2C-ACC6-63119199FB3C}.Debug|Any CPU.Build.0 = Debug|Any CPU
		{74E59052-60A4-4F2C-ACC6-63119199FB3C}.Debug|x86.ActiveCfg = Debug|Any CPU
		{74E59052-60A4-4F2C-ACC6-63119199FB3C}.Debug|x86.Build.0 = Debug|Any CPU
		{74E59052-60A4-4F2C-ACC6-63119199FB3C}.Release|Any CPU.ActiveCfg = Release|Any CPU
		{74E59052-60A4-4F2C-ACC6-63119199FB3C}.Release|Any CPU.Build.0 = Release|Any CPU
		{74E59052-60A4-4F2C-ACC6-63119199FB3C}.Release|x86.ActiveCfg = Release|Any CPU
		{74E59052-60A4-4F2C-ACC6-63119199FB3C}.Release|x86.Build.0 = Release|Any CPU
		{60CA75F9-79BA-4457-9AC3-950DAA23822F}.Debug|Any CPU.ActiveCfg = Debug|Any CPU
		{60CA75F9-79BA-4457-9AC3-950DAA23822F}.Debug|Any CPU.Build.0 = Debug|Any CPU
		{60CA75F9-79BA-4457-9AC3-950DAA23822F}.Debug|x86.ActiveCfg = Debug|Any CPU
		{60CA75F9-79BA-4457-9AC3-950DAA23822F}.Debug|x86.Build.0 = Debug|Any CPU
		{60CA75F9-79BA-4457-9AC3-950DAA23822F}.Release|Any CPU.ActiveCfg = Release|Any CPU
		{60CA75F9-79BA-4457-9AC3-950DAA23822F}.Release|Any CPU.Build.0 = Release|Any CPU
		{60CA75F9-79BA-4457-9AC3-950DAA23822F}.Release|x86.ActiveCfg = Release|Any CPU
		{60CA75F9-79BA-4457-9AC3-950DAA23822F}.Release|x86.Build.0 = Release|Any CPU
	EndGlobalSection
	GlobalSection(SolutionProperties) = preSolution
		HideSolutionNode = FALSE
	EndGlobalSection
	GlobalSection(NestedProjects) = preSolution
		{C3F139F6-FD77-47D8-86DF-AAB9CDEAEBD3} = {F57CD863-AE8F-4AEF-85C7-1569AF8BBC9C}
		{E4A9AD8F-740F-46F7-9423-9C3231E430A2} = {8B681E2E-22F9-465B-951E-07AAA0C1B28F}
		{74E59052-60A4-4F2C-ACC6-63119199FB3C} = {7F135071-7DEB-4F30-9704-26987CD54C46}
		{60CA75F9-79BA-4457-9AC3-950DAA23822F} = {7F135071-7DEB-4F30-9704-26987CD54C46}
	EndGlobalSection
	GlobalSection(ExtensibilityGlobals) = postSolution
		SolutionGuid = {DE1CDD35-FB5C-4718-8CE2-DA2B27B42655}
	EndGlobalSection
EndGlobal
